// !$*UTF8*$!
{
	archiveVersion = 1;
	classes = {
	};
	objectVersion = 46;
	objects = {

/* Begin PBXBuildFile section */
		1E2809771D06DE950004B0DA /* AppDelegate.swift in Sources */ = {isa = PBXBuildFile; fileRef = 1E2809761D06DE950004B0DA /* AppDelegate.swift */; };
		1E2809791D06DE950004B0DA /* ViewController.swift in Sources */ = {isa = PBXBuildFile; fileRef = 1E2809781D06DE950004B0DA /* ViewController.swift */; };
		1E28097C1D06DE950004B0DA /* Main.storyboard in Resources */ = {isa = PBXBuildFile; fileRef = 1E28097A1D06DE950004B0DA /* Main.storyboard */; };
		1E28097E1D06DE950004B0DA /* Assets.xcassets in Resources */ = {isa = PBXBuildFile; fileRef = 1E28097D1D06DE950004B0DA /* Assets.xcassets */; };
		1E2809811D06DE950004B0DA /* LaunchScreen.storyboard in Resources */ = {isa = PBXBuildFile; fileRef = 1E28097F1D06DE950004B0DA /* LaunchScreen.storyboard */; };
		1E6D616E1D0838E10033E5FF /* Character.swift in Sources */ = {isa = PBXBuildFile; fileRef = 1E6D616D1D0838E10033E5FF /* Character.swift */; };
		1E6D61701D0841000033E5FF /* Player.swift in Sources */ = {isa = PBXBuildFile; fileRef = 1E6D616F1D0841000033E5FF /* Player.swift */; };
		1E6D61721D084BF10033E5FF /* BGMusic.mp3 in Resources */ = {isa = PBXBuildFile; fileRef = 1E6D61711D084BF10033E5FF /* BGMusic.mp3 */; };
/* End PBXBuildFile section */

/* Begin PBXFileReference section */
		1E2809731D06DE950004B0DA /* RPG.app */ = {isa = PBXFileReference; explicitFileType = wrapper.application; includeInIndex = 0; path = RPG.app; sourceTree = BUILT_PRODUCTS_DIR; };
		1E2809761D06DE950004B0DA /* AppDelegate.swift */ = {isa = PBXFileReference; lastKnownFileType = sourcecode.swift; path = AppDelegate.swift; sourceTree = "<group>"; };
		1E2809781D06DE950004B0DA /* ViewController.swift */ = {isa = PBXFileReference; lastKnownFileType = sourcecode.swift; path = ViewController.swift; sourceTree = "<group>"; };
		1E28097B1D06DE950004B0DA /* Base */ = {isa = PBXFileReference; lastKnownFileType = file.storyboard; name = Base; path = Base.lproj/Main.storyboard; sourceTree = "<group>"; };
		1E28097D1D06DE950004B0DA /* Assets.xcassets */ = {isa = PBXFileReference; lastKnownFileType = folder.assetcatalog; path = Assets.xcassets; sourceTree = "<group>"; };
		1E2809801D06DE950004B0DA /* Base */ = {isa = PBXFileReference; lastKnownFileType = file.storyboard; name = Base; path = Base.lproj/LaunchScreen.storyboard; sourceTree = "<group>"; };
		1E2809821D06DE950004B0DA /* Info.plist */ = {isa = PBXFileReference; lastKnownFileType = text.plist.xml; path = Info.plist; sourceTree = "<group>"; };
		1E6D616D1D0838E10033E5FF /* Character.swift */ = {isa = PBXFileReference; fileEncoding = 4; lastKnownFileType = sourcecode.swift; path = Character.swift; sourceTree = "<group>"; };
		1E6D616F1D0841000033E5FF /* Player.swift */ = {isa = PBXFileReference; fileEncoding = 4; lastKnownFileType = sourcecode.swift; path = Player.swift; sourceTree = "<group>"; };
		1E6D61711D084BF10033E5FF /* BGMusic.mp3 */ = {isa = PBXFileReference; lastKnownFileType = audio.mp3; path = BGMusic.mp3; sourceTree = "<group>"; };
/* End PBXFileReference section */

/* Begin PBXFrameworksBuildPhase section */
		1E2809701D06DE950004B0DA /* Frameworks */ = {
			isa = PBXFrameworksBuildPhase;
			buildActionMask = 2147483647;
			files = (
			);
			runOnlyForDeploymentPostprocessing = 0;
		};
/* End PBXFrameworksBuildPhase section */

/* Begin PBXGroup section */
		1E28096A1D06DE950004B0DA = {
			isa = PBXGroup;
			children = (
				1E2809751D06DE950004B0DA /* RPG */,
				1E2809741D06DE950004B0DA /* Products */,
			);
			sourceTree = "<group>";
		};
		1E2809741D06DE950004B0DA /* Products */ = {
			isa = PBXGroup;
			children = (
				1E2809731D06DE950004B0DA /* RPG.app */,
			);
			name = Products;
			sourceTree = "<group>";
		};
		1E2809751D06DE950004B0DA /* RPG */ = {
			isa = PBXGroup;
			children = (
				1E6D61711D084BF10033E5FF /* BGMusic.mp3 */,
				1E2809761D06DE950004B0DA /* AppDelegate.swift */,
				1E2809781D06DE950004B0DA /* ViewController.swift */,
				1E6D616D1D0838E10033E5FF /* Character.swift */,
				1E6D616F1D0841000033E5FF /* Player.swift */,
				1E28097A1D06DE950004B0DA /* Main.storyboard */,
				1E28097D1D06DE950004B0DA /* Assets.xcassets */,
				1E28097F1D06DE950004B0DA /* LaunchScreen.storyboard */,
				1E2809821D06DE950004B0DA /* Info.plist */,
			);
			path = RPG;
			sourceTree = "<group>";
		};
/* End PBXGroup section */

/* Begin PBXNativeTarget section */
		1E2809721D06DE950004B0DA /* RPG */ = {
			isa = PBXNativeTarget;
			buildConfigurationList = 1E2809851D06DE950004B0DA /* Build configuration list for PBXNativeTarget "RPG" */;
			buildPhases = (
				1E28096F1D06DE950004B0DA /* Sources */,
				1E2809701D06DE950004B0DA /* Frameworks */,
				1E2809711D06DE950004B0DA /* Resources */,
			);
			buildRules = (
			);
			dependencies = (
			);
			name = RPG;
			productName = RPG;
			productReference = 1E2809731D06DE950004B0DA /* RPG.app */;
			productType = "com.apple.product-type.application";
		};
/* End PBXNativeTarget section */

/* Begin PBXProject section */
		1E28096B1D06DE950004B0DA /* Project object */ = {
			isa = PBXProject;
			attributes = {
				LastSwiftUpdateCheck = 0730;
				LastUpgradeCheck = 0730;
				ORGANIZATIONNAME = "Ryan Ball";
				TargetAttributes = {
					1E2809721D06DE950004B0DA = {
						CreatedOnToolsVersion = 7.3.1;
						DevelopmentTeam = 8GT4MJG4L6;
					};
				};
			};
			buildConfigurationList = 1E28096E1D06DE950004B0DA /* Build configuration list for PBXProject "RPG" */;
			compatibilityVersion = "Xcode 3.2";
			developmentRegion = English;
			hasScannedForEncodings = 0;
			knownRegions = (
				en,
				Base,
			);
			mainGroup = 1E28096A1D06DE950004B0DA;
			productRefGroup = 1E2809741D06DE950004B0DA /* Products */;
			projectDirPath = "";
			projectRoot = "";
			targets = (
				1E2809721D06DE950004B0DA /* RPG */,
			);
		};
/* End PBXProject section */

/* Begin PBXResourcesBuildPhase section */
		1E2809711D06DE950004B0DA /* Resources */ = {
			isa = PBXResourcesBuildPhase;
			buildActionMask = 2147483647;
			files = (
				1E2809811D06DE950004B0DA /* LaunchScreen.storyboard in Resources */,
				1E28097E1D06DE950004B0DA /* Assets.xcassets in Resources */,
				1E28097C1D06DE950004B0DA /* Main.storyboard in Resources */,
				1E6D61721D084BF10033E5FF /* BGMusic.mp3 in Resources */,
			);
			runOnlyForDeploymentPostprocessing = 0;
		};
/* End PBXResourcesBuildPhase section */

/* Begin PBXSourcesBuildPhase section */
		1E28096F1D06DE950004B0DA /* Sources */ = {
			isa = PBXSourcesBuildPhase;
			buildActionMask = 2147483647;
			files = (
				1E6D61701D0841000033E5FF /* Player.swift in Sources */,
				1E6D616E1D0838E10033E5FF /* Character.swift in Sources */,
				1E2809791D06DE950004B0DA /* ViewController.swift in Sources */,
				1E2809771D06DE950004B0DA /* AppDelegate.swift in Sources */,
			);
			runOnlyForDeploymentPostprocessing = 0;
		};
/* End PBXSourcesBuildPhase section */

/* Begin PBXVariantGroup section */
		1E28097A1D06DE950004B0DA /* Main.storyboard */ = {
			isa = PBXVariantGroup;
			children = (
				1E28097B1D06DE950004B0DA /* Base */,
			);
			name = Main.storyboard;
			sourceTree = "<group>";
		};
		1E28097F1D06DE950004B0DA /* LaunchScreen.storyboard */ = {
			isa = PBXVariantGroup;
			children = (
				1E2809801D06DE950004B0DA /* Base */,
			);
			name = LaunchScreen.storyboard;
			sourceTree = "<group>";
		};
/* End PBXVariantGroup section */

/* Begin XCBuildConfiguration section */
		1E2809831D06DE950004B0DA /* Debug */ = {
			isa = XCBuildConfiguration;
			buildSettings = {
				ALWAYS_SEARCH_USER_PATHS = NO;
				CLANG_ANALYZER_NONNULL = YES;
				CLANG_CXX_LANGUAGE_STANDARD = "gnu++0x";
				CLANG_CXX_LIBRARY = "libc++";
				CLANG_ENABLE_MODULES = YES;
				CLANG_ENABLE_OBJC_ARC = YES;
				CLANG_WARN_BOOL_CONVERSION = YES;
				CLANG_WARN_CONSTANT_CONVERSION = YES;
				CLANG_WARN_DIRECT_OBJC_ISA_USAGE = YES_ERROR;
				CLANG_WARN_EMPTY_BODY = YES;
				CLANG_WARN_ENUM_CONVERSION = YES;
				CLANG_WARN_INT_CONVERSION = YES;
				CLANG_WARN_OBJC_ROOT_CLASS = YES_ERROR;
				CLANG_WARN_UNREACHABLE_CODE = YES;
				CLANG_WARN__DUPLICATE_METHOD_MATCH = YES;
				"CODE_SIGN_IDENTITY[sdk=iphoneos*]" = "iPhone Developer";
				COPY_PHASE_STRIP = NO;
				DEBUG_INFORMATION_FORMAT = dwarf;
				ENABLE_STRICT_OBJC_MSGSEND = YES;
				ENABLE_TESTABILITY = YES;
				GCC_C_LANGUAGE_STANDARD = gnu99;
				GCC_DYNAMIC_NO_PIC = NO;
				GCC_NO_COMMON_BLOCKS = YES;
				GCC_OPTIMIZATION_LEVEL = 0;
				GCC_PREPROCESSOR_DEFINITIONS = (
					"DEBUG=1",
					"$(inherited)",
				);
				GCC_WARN_64_TO_32_BIT_CONVERSION = YES;
				GCC_WARN_ABOUT_RETURN_TYPE = YES_ERROR;
				GCC_WARN_UNDECLARED_SELECTOR = YES;
				GCC_WARN_UNINITIALIZED_AUTOS = YES_AGGRESSIVE;
				GCC_WARN_UNUSED_FUNCTION = YES;
				GCC_WARN_UNUSED_VARIABLE = YES;
				IPHONEOS_DEPLOYMENT_TARGET = 9.3;
				MTL_ENABLE_DEBUG_INFO = YES;
				ONLY_ACTIVE_ARCH = YES;
				SDKROOT = iphoneos;
				SWIFT_OPTIMIZATION_LEVEL = "-Onone";
				TARGETED_DEVICE_FAMILY = "1,2";
			};
			name = Debug;
		};
		1E2809841D06DE950004B0DA /* Release */ = {
			isa = XCBuildConfiguration;
			buildSettings = {
				ALWAYS_SEARCH_USER_PATHS = NO;
				CLANG_ANALYZER_NONNULL = YES;
				CLANG_CXX_LANGUAGE_STANDARD = "gnu++0x";
				CLANG_CXX_LIBRARY = "libc++";
				CLANG_ENABLE_MODULES = YES;
				CLANG_ENABLE_OBJC_ARC = YES;
				CLANG_WARN_BOOL_CONVERSION = YES;
				CLANG_WARN_CONSTANT_CONVERSION = YES;
				CLANG_WARN_DIRECT_OBJC_ISA_USAGE = YES_ERROR;
				CLANG_WARN_EMPTY_BODY = YES;
				CLANG_WARN_ENUM_CONVERSION = YES;
				CLANG_WARN_INT_CONVERSION = YES;
				CLANG_WARN_OBJC_ROOT_CLASS = YES_ERROR;
				CLANG_WARN_UNREACHABLE_CODE = YES;
				CLANG_WARN__DUPLICATE_METHOD_MATCH = YES;
				"CODE_SIGN_IDENTITY[sdk=iphoneos*]" = "iPhone Developer";
				COPY_PHASE_STRIP = NO;
				DEBUG_INFORMATION_FORMAT = "dwarf-with-dsym";
				ENABLE_NS_ASSERTIONS = NO;
				ENABLE_STRICT_OBJC_MSGSEND = YES;
				GCC_C_LANGUAGE_STANDARD = gnu99;
				GCC_NO_COMMON_BLOCKS = YES;
				GCC_WARN_64_TO_32_BIT_CONVERSION = YES;
				GCC_WARN_ABOUT_RETURN_TYPE = YES_ERROR;
				GCC_WARN_UNDECLARED_SELECTOR = YES;
				GCC_WARN_UNINITIALIZED_AUTOS = YES_AGGRESSIVE;
				GCC_WARN_UNUSED_FUNCTION = YES;
				GCC_WARN_UNUSED_VARIABLE = YES;
				IPHONEOS_DEPLOYMENT_TARGET = 9.3;
				MTL_ENABLE_DEBUG_INFO = NO;
				SDKROOT = iphoneos;
				TARGETED_DEVICE_FAMILY = "1,2";
				VALIDATE_PRODUCT = YES;
			};
			name = Release;
		};
		1E2809861D06DE950004B0DA /* Debug */ = {
			isa = XCBuildConfiguration;
			buildSettings = {
				ASSETCATALOG_COMPILER_APPICON_NAME = AppIcon;
				CODE_SIGN_IDENTITY = "iPhone Developer: Ryan Ball (N3FZM3M4D6)";
				INFOPLIST_FILE = RPG/Info.plist;
				LD_RUNPATH_SEARCH_PATHS = "$(inherited) @executable_path/Frameworks";
				PRODUCT_BUNDLE_IDENTIFIER = net.ryanball.RPG;
				PRODUCT_NAME = "$(TARGET_NAME)";
			};
			name = Debug;
		};
		1E2809871D06DE950004B0DA /* Release */ = {
			isa = XCBuildConfiguration;
			buildSettings = {
				ASSETCATALOG_COMPILER_APPICON_NAME = AppIcon;
				CODE_SIGN_IDENTITY = "iPhone Developer: Ryan Ball (N3FZM3M4D6)";
				INFOPLIST_FILE = RPG/Info.plist;
				LD_RUNPATH_SEARCH_PATHS = "$(inherited) @executable_path/Frameworks";
				PRODUCT_BUNDLE_IDENTIFIER = net.ryanball.RPG;
				PRODUCT_NAME = "$(TARGET_NAME)";
			};
			name = Release;
		};
/* End XCBuildConfiguration section */

/* Begin XCConfigurationList section */
		1E28096E1D06DE950004B0DA /* Build configuration list for PBXProject "RPG" */ = {
			isa = XCConfigurationList;
			buildConfigurations = (
				1E2809831D06DE950004B0DA /* Debug */,
				1E2809841D06DE950004B0DA /* Release */,
			);
			defaultConfigurationIsVisible = 0;
			defaultConfigurationName = Release;
		};
		1E2809851D06DE950004B0DA /* Build configuration list for PBXNativeTarget "RPG" */ = {
			isa = XCConfigurationList;
			buildConfigurations = (
				1E2809861D06DE950004B0DA /* Debug */,
				1E2809871D06DE950004B0DA /* Release */,
			);
			defaultConfigurationIsVisible = 0;
			defaultConfigurationName = Release;
		};
/* End XCConfigurationList section */
	};
	rootObject = 1E28096B1D06DE950004B0DA /* Project object */;
}
